
Microsoft Visual Studio Solution File, Format Version 12.00
# Visual Studio Version 16
VisualStudioVersion = 16.0.29001.49
MinimumVisualStudioVersion = 10.0.40219.1
Project("{FAE04EC0-301F-11D3-BF4B-00C04F79EFBC}") = "SanityArchiver", "SanityArchiver\SanityArchiver.csproj", "{B68995A5-BB06-4A74-92C0-22716DACEC0C}"
EndProject
Global
	GlobalSection(SolutionConfigurationPlatforms) = preSolution
		Debug|Any CPU = Debug|Any CPU
		Release|Any CPU = Release|Any CPU
	EndGlobalSection
	GlobalSection(ProjectConfigurationPlatforms) = postSolution
		{B68995A5-BB06-4A74-92C0-22716DACEC0C}.Debug|Any CPU.ActiveCfg = Debug|Any CPU
		{B68995A5-BB06-4A74-92C0-22716DACEC0C}.Debug|Any CPU.Build.0 = Debug|Any CPU
		{B68995A5-BB06-4A74-92C0-22716DACEC0C}.Release|Any CPU.ActiveCfg = Release|Any CPU
		{B68995A5-BB06-4A74-92C0-22716DACEC0C}.Release|Any CPU.Build.0 = Release|Any CPU
	EndGlobalSection
	GlobalSection(SolutionProperties) = preSolution
		HideSolutionNode = FALSE
	EndGlobalSection
	GlobalSection(ExtensibilityGlobals) = postSolution
		SolutionGuid = {5A6D0882-B05E-47B5-85F4-CCFE7C6CEDCA}
	EndGlobalSection
EndGlobal
